
Microsoft Visual Studio Solution File, Format Version 12.00
# Visual Studio Version 17
VisualStudioVersion = 17.5.33627.172
MinimumVisualStudioVersion = 10.0.40219.1
Project("{FAE04EC0-301F-11D3-BF4B-00C04F79EFBC}") = "ViewComponentsDemo", "ViewComponentsDemo\ViewComponentsDemo.csproj", "{EBE938FF-65C1-4287-8520-EE295968A051}"
EndProject
Global
	GlobalSection(SolutionConfigurationPlatforms) = preSolution
		Debug|Any CPU = Debug|Any CPU
		Release|Any CPU = Release|Any CPU
	EndGlobalSection
	GlobalSection(ProjectConfigurationPlatforms) = postSolution
		{EBE938FF-65C1-4287-8520-EE295968A051}.Debug|Any CPU.ActiveCfg = Debug|Any CPU
		{EBE938FF-65C1-4287-8520-EE295968A051}.Debug|Any CPU.Build.0 = Debug|Any CPU
		{EBE938FF-65C1-4287-8520-EE295968A051}.Release|Any CPU.ActiveCfg = Release|Any CPU
		{EBE938FF-65C1-4287-8520-EE295968A051}.Release|Any CPU.Build.0 = Release|Any CPU
	EndGlobalSection
	GlobalSection(SolutionProperties) = preSolution
		HideSolutionNode = FALSE
	EndGlobalSection
	GlobalSection(ExtensibilityGlobals) = postSolution
		SolutionGuid = {90730E3C-EFF9-4558-A651-6F6A325ED0CC}
	EndGlobalSection
EndGlobal
