
Microsoft Visual Studio Solution File, Format Version 12.00
# Visual Studio 15
VisualStudioVersion = 15.0.28307.271
MinimumVisualStudioVersion = 10.0.40219.1
Project("{FAE04EC0-301F-11D3-BF4B-00C04F79EFBC}") = "Graphs", "Graphs\Graphs.csproj", "{4D93F75A-E2EA-4975-B092-06D4965FDF2A}"
EndProject
Global
	GlobalSection(SolutionConfigurationPlatforms) = preSolution
		Debug|Any CPU = Debug|Any CPU
		Release|Any CPU = Release|Any CPU
	EndGlobalSection
	GlobalSection(ProjectConfigurationPlatforms) = postSolution
		{4D93F75A-E2EA-4975-B092-06D4965FDF2A}.Debug|Any CPU.ActiveCfg = Debug|Any CPU
		{4D93F75A-E2EA-4975-B092-06D4965FDF2A}.Debug|Any CPU.Build.0 = Debug|Any CPU
		{4D93F75A-E2EA-4975-B092-06D4965FDF2A}.Release|Any CPU.ActiveCfg = Release|Any CPU
		{4D93F75A-E2EA-4975-B092-06D4965FDF2A}.Release|Any CPU.Build.0 = Release|Any CPU
	EndGlobalSection
	GlobalSection(SolutionProperties) = preSolution
		HideSolutionNode = FALSE
	EndGlobalSection
	GlobalSection(ExtensibilityGlobals) = postSolution
		SolutionGuid = {6064EEE1-E0D9-4412-90C6-E94D51D77116}
	EndGlobalSection
EndGlobal
