
Microsoft Visual Studio Solution File, Format Version 12.00
# Visual Studio 15
VisualStudioVersion = 15.0.27703.2000
MinimumVisualStudioVersion = 10.0.40219.1
Project("{FAE04EC0-301F-11D3-BF4B-00C04F79EFBC}") = "Lab4_TicTacToe", "Lab4_TicTacToe\Lab4_TicTacToe.csproj", "{7E534F58-9A5E-4A15-9B82-686040BD61D8}"
EndProject
Global
	GlobalSection(SolutionConfigurationPlatforms) = preSolution
		Debug|Any CPU = Debug|Any CPU
		Release|Any CPU = Release|Any CPU
	EndGlobalSection
	GlobalSection(ProjectConfigurationPlatforms) = postSolution
		{7E534F58-9A5E-4A15-9B82-686040BD61D8}.Debug|Any CPU.ActiveCfg = Debug|Any CPU
		{7E534F58-9A5E-4A15-9B82-686040BD61D8}.Debug|Any CPU.Build.0 = Debug|Any CPU
		{7E534F58-9A5E-4A15-9B82-686040BD61D8}.Release|Any CPU.ActiveCfg = Release|Any CPU
		{7E534F58-9A5E-4A15-9B82-686040BD61D8}.Release|Any CPU.Build.0 = Release|Any CPU
	EndGlobalSection
	GlobalSection(SolutionProperties) = preSolution
		HideSolutionNode = FALSE
	EndGlobalSection
	GlobalSection(ExtensibilityGlobals) = postSolution
		SolutionGuid = {C41D0910-276A-45AB-83F8-E91650917420}
	EndGlobalSection
EndGlobal
