
Microsoft Visual Studio Solution File, Format Version 12.00
# Visual Studio 15
VisualStudioVersion = 15.0.26730.3
MinimumVisualStudioVersion = 10.0.40219.1
Project("{9A19103F-16F7-4668-BE54-9A1E7A4F7556}") = "WordGuessGame", "Hangman\WordGuessGame.csproj", "{76249146-2B74-4800-A77D-70B4F1EC5CBB}"
EndProject
Global
	GlobalSection(SolutionConfigurationPlatforms) = preSolution
		Debug|Any CPU = Debug|Any CPU
		Release|Any CPU = Release|Any CPU
	EndGlobalSection
	GlobalSection(ProjectConfigurationPlatforms) = postSolution
		{76249146-2B74-4800-A77D-70B4F1EC5CBB}.Debug|Any CPU.ActiveCfg = Debug|Any CPU
		{76249146-2B74-4800-A77D-70B4F1EC5CBB}.Debug|Any CPU.Build.0 = Debug|Any CPU
		{76249146-2B74-4800-A77D-70B4F1EC5CBB}.Release|Any CPU.ActiveCfg = Release|Any CPU
		{76249146-2B74-4800-A77D-70B4F1EC5CBB}.Release|Any CPU.Build.0 = Release|Any CPU
	EndGlobalSection
	GlobalSection(SolutionProperties) = preSolution
		HideSolutionNode = FALSE
	EndGlobalSection
	GlobalSection(ExtensibilityGlobals) = postSolution
		SolutionGuid = {E8D1E0D7-07FB-4E22-B60E-CEF97E99CDE9}
	EndGlobalSection
EndGlobal
