
Microsoft Visual Studio Solution File, Format Version 12.00
# Visual Studio Version 16
VisualStudioVersion = 16.0.28917.181
MinimumVisualStudioVersion = 10.0.40219.1
Project("{FAE04EC0-301F-11D3-BF4B-00C04F79EFBC}") = "CMSDemo", "CMSDemo\CMSDemo.csproj", "{7D78F7B5-520C-46A6-A8EF-CF0F2B95739B}"
EndProject
Global
	GlobalSection(SolutionConfigurationPlatforms) = preSolution
		Debug|Any CPU = Debug|Any CPU
		Release|Any CPU = Release|Any CPU
	EndGlobalSection
	GlobalSection(ProjectConfigurationPlatforms) = postSolution
		{7D78F7B5-520C-46A6-A8EF-CF0F2B95739B}.Debug|Any CPU.ActiveCfg = Debug|Any CPU
		{7D78F7B5-520C-46A6-A8EF-CF0F2B95739B}.Debug|Any CPU.Build.0 = Debug|Any CPU
		{7D78F7B5-520C-46A6-A8EF-CF0F2B95739B}.Release|Any CPU.ActiveCfg = Release|Any CPU
		{7D78F7B5-520C-46A6-A8EF-CF0F2B95739B}.Release|Any CPU.Build.0 = Release|Any CPU
	EndGlobalSection
	GlobalSection(SolutionProperties) = preSolution
		HideSolutionNode = FALSE
	EndGlobalSection
	GlobalSection(ExtensibilityGlobals) = postSolution
		SolutionGuid = {4D16648B-2974-4F99-BB00-6D8C9C67B3D9}
	EndGlobalSection
EndGlobal
