
Microsoft Visual Studio Solution File, Format Version 12.00
# Visual Studio 15
VisualStudioVersion = 15.0.27703.2035
MinimumVisualStudioVersion = 10.0.40219.1
Project("{FAE04EC0-301F-11D3-BF4B-00C04F79EFBC}") = "EntitiyFrameworkDemo", "EntitiyFrameworkDemo\EntitiyFrameworkDemo.csproj", "{2F2EB421-E791-4503-980C-C1DE865A0952}"
EndProject
Global
	GlobalSection(SolutionConfigurationPlatforms) = preSolution
		Debug|Any CPU = Debug|Any CPU
		Release|Any CPU = Release|Any CPU
	EndGlobalSection
	GlobalSection(ProjectConfigurationPlatforms) = postSolution
		{2F2EB421-E791-4503-980C-C1DE865A0952}.Debug|Any CPU.ActiveCfg = Debug|Any CPU
		{2F2EB421-E791-4503-980C-C1DE865A0952}.Debug|Any CPU.Build.0 = Debug|Any CPU
		{2F2EB421-E791-4503-980C-C1DE865A0952}.Release|Any CPU.ActiveCfg = Release|Any CPU
		{2F2EB421-E791-4503-980C-C1DE865A0952}.Release|Any CPU.Build.0 = Release|Any CPU
	EndGlobalSection
	GlobalSection(SolutionProperties) = preSolution
		HideSolutionNode = FALSE
	EndGlobalSection
	GlobalSection(ExtensibilityGlobals) = postSolution
		SolutionGuid = {694A2AA5-978C-4B9B-886D-A9B5CD06D381}
	EndGlobalSection
EndGlobal
