
Microsoft Visual Studio Solution File, Format Version 12.00
# Visual Studio Version 17
VisualStudioVersion = 17.5.33627.172
MinimumVisualStudioVersion = 10.0.40219.1
Project("{FAE04EC0-301F-11D3-BF4B-00C04F79EFBC}") = "BasicsOfClasses", "BasicsOfClasses\BasicsOfClasses.csproj", "{FAAE235A-EFA7-43F7-A684-F6A40E4E282A}"
EndProject
Global
	GlobalSection(SolutionConfigurationPlatforms) = preSolution
		Debug|Any CPU = Debug|Any CPU
		Release|Any CPU = Release|Any CPU
	EndGlobalSection
	GlobalSection(ProjectConfigurationPlatforms) = postSolution
		{FAAE235A-EFA7-43F7-A684-F6A40E4E282A}.Debug|Any CPU.ActiveCfg = Debug|Any CPU
		{FAAE235A-EFA7-43F7-A684-F6A40E4E282A}.Debug|Any CPU.Build.0 = Debug|Any CPU
		{FAAE235A-EFA7-43F7-A684-F6A40E4E282A}.Release|Any CPU.ActiveCfg = Release|Any CPU
		{FAAE235A-EFA7-43F7-A684-F6A40E4E282A}.Release|Any CPU.Build.0 = Release|Any CPU
	EndGlobalSection
	GlobalSection(SolutionProperties) = preSolution
		HideSolutionNode = FALSE
	EndGlobalSection
	GlobalSection(ExtensibilityGlobals) = postSolution
		SolutionGuid = {44275B54-EFAE-4F1D-A481-5AB0B4D78279}
	EndGlobalSection
EndGlobal
