
Microsoft Visual Studio Solution File, Format Version 12.00
# Visual Studio 15
VisualStudioVersion = 15.0.27130.2010
MinimumVisualStudioVersion = 10.0.40219.1
Project("{FAE04EC0-301F-11D3-BF4B-00C04F79EFBC}") = "Lab01-AboutMe", "Lab01-AboutMe\Lab01-AboutMe.csproj", "{1A8ED0F7-4A32-45D3-A235-A844E589B29C}"
EndProject
Global
	GlobalSection(SolutionConfigurationPlatforms) = preSolution
		Debug|Any CPU = Debug|Any CPU
		Release|Any CPU = Release|Any CPU
	EndGlobalSection
	GlobalSection(ProjectConfigurationPlatforms) = postSolution
		{1A8ED0F7-4A32-45D3-A235-A844E589B29C}.Debug|Any CPU.ActiveCfg = Debug|Any CPU
		{1A8ED0F7-4A32-45D3-A235-A844E589B29C}.Debug|Any CPU.Build.0 = Debug|Any CPU
		{1A8ED0F7-4A32-45D3-A235-A844E589B29C}.Release|Any CPU.ActiveCfg = Release|Any CPU
		{1A8ED0F7-4A32-45D3-A235-A844E589B29C}.Release|Any CPU.Build.0 = Release|Any CPU
	EndGlobalSection
	GlobalSection(SolutionProperties) = preSolution
		HideSolutionNode = FALSE
	EndGlobalSection
	GlobalSection(ExtensibilityGlobals) = postSolution
		SolutionGuid = {7A87EC08-F26C-4150-841D-B63DCD19EC87}
	EndGlobalSection
EndGlobal
