
Microsoft Visual Studio Solution File, Format Version 12.00
# Visual Studio Version 17
VisualStudioVersion = 17.5.33627.172
MinimumVisualStudioVersion = 10.0.40219.1
Project("{FAE04EC0-301F-11D3-BF4B-00C04F79EFBC}") = "OOPPrinciples", "OOPPrinciples\OOPPrinciples.csproj", "{E3778950-24C5-44AD-85ED-0A80FDC67315}"
EndProject
Global
	GlobalSection(SolutionConfigurationPlatforms) = preSolution
		Debug|Any CPU = Debug|Any CPU
		Release|Any CPU = Release|Any CPU
	EndGlobalSection
	GlobalSection(ProjectConfigurationPlatforms) = postSolution
		{E3778950-24C5-44AD-85ED-0A80FDC67315}.Debug|Any CPU.ActiveCfg = Debug|Any CPU
		{E3778950-24C5-44AD-85ED-0A80FDC67315}.Debug|Any CPU.Build.0 = Debug|Any CPU
		{E3778950-24C5-44AD-85ED-0A80FDC67315}.Release|Any CPU.ActiveCfg = Release|Any CPU
		{E3778950-24C5-44AD-85ED-0A80FDC67315}.Release|Any CPU.Build.0 = Release|Any CPU
	EndGlobalSection
	GlobalSection(SolutionProperties) = preSolution
		HideSolutionNode = FALSE
	EndGlobalSection
	GlobalSection(ExtensibilityGlobals) = postSolution
		SolutionGuid = {DCCA3041-F5B3-40C5-BF2A-ABFFD78F61BC}
	EndGlobalSection
EndGlobal
