
Microsoft Visual Studio Solution File, Format Version 12.00
# Visual Studio 15
VisualStudioVersion = 15.0.26730.12
MinimumVisualStudioVersion = 10.0.40219.1
Project("{FAE04EC0-301F-11D3-BF4B-00C04F79EFBC}") = "Class16DemoSolution", "Class16DemoSolution\Class16DemoSolution.csproj", "{1DE4821F-7A19-4597-843A-7C5C88724F48}"
EndProject
Global
	GlobalSection(SolutionConfigurationPlatforms) = preSolution
		Debug|Any CPU = Debug|Any CPU
		Release|Any CPU = Release|Any CPU
	EndGlobalSection
	GlobalSection(ProjectConfigurationPlatforms) = postSolution
		{1DE4821F-7A19-4597-843A-7C5C88724F48}.Debug|Any CPU.ActiveCfg = Debug|Any CPU
		{1DE4821F-7A19-4597-843A-7C5C88724F48}.Debug|Any CPU.Build.0 = Debug|Any CPU
		{1DE4821F-7A19-4597-843A-7C5C88724F48}.Release|Any CPU.ActiveCfg = Release|Any CPU
		{1DE4821F-7A19-4597-843A-7C5C88724F48}.Release|Any CPU.Build.0 = Release|Any CPU
	EndGlobalSection
	GlobalSection(SolutionProperties) = preSolution
		HideSolutionNode = FALSE
	EndGlobalSection
	GlobalSection(ExtensibilityGlobals) = postSolution
		SolutionGuid = {41DBC5F2-5117-4D2D-A18E-9286C3360A26}
	EndGlobalSection
EndGlobal
