
Microsoft Visual Studio Solution File, Format Version 12.00
# Visual Studio Version 16
VisualStudioVersion = 16.0.29326.143
MinimumVisualStudioVersion = 10.0.40219.1
Project("{FAE04EC0-301F-11D3-BF4B-00C04F79EFBC}") = "SchoolEnrollmentDemo", "SchoolEnrollmentDemo\SchoolEnrollmentDemo.csproj", "{DD145ED7-361E-4790-8B3E-249593249A9A}"
EndProject
Global
	GlobalSection(SolutionConfigurationPlatforms) = preSolution
		Debug|Any CPU = Debug|Any CPU
		Release|Any CPU = Release|Any CPU
	EndGlobalSection
	GlobalSection(ProjectConfigurationPlatforms) = postSolution
		{DD145ED7-361E-4790-8B3E-249593249A9A}.Debug|Any CPU.ActiveCfg = Debug|Any CPU
		{DD145ED7-361E-4790-8B3E-249593249A9A}.Debug|Any CPU.Build.0 = Debug|Any CPU
		{DD145ED7-361E-4790-8B3E-249593249A9A}.Release|Any CPU.ActiveCfg = Release|Any CPU
		{DD145ED7-361E-4790-8B3E-249593249A9A}.Release|Any CPU.Build.0 = Release|Any CPU
	EndGlobalSection
	GlobalSection(SolutionProperties) = preSolution
		HideSolutionNode = FALSE
	EndGlobalSection
	GlobalSection(ExtensibilityGlobals) = postSolution
		SolutionGuid = {53C29733-7A88-42F9-95D7-00615725910A}
	EndGlobalSection
EndGlobal
