
Microsoft Visual Studio Solution File, Format Version 12.00
# Visual Studio 15
VisualStudioVersion = 15.0.28010.2036
MinimumVisualStudioVersion = 10.0.40219.1
Project("{FAE04EC0-301F-11D3-BF4B-00C04F79EFBC}") = "TimePersonSolution", "TimePersonSolution\TimePersonSolution.csproj", "{7E3E8299-7B76-46EF-ADF9-ADE136C6FB37}"
EndProject
Global
	GlobalSection(SolutionConfigurationPlatforms) = preSolution
		Debug|Any CPU = Debug|Any CPU
		Release|Any CPU = Release|Any CPU
	EndGlobalSection
	GlobalSection(ProjectConfigurationPlatforms) = postSolution
		{7E3E8299-7B76-46EF-ADF9-ADE136C6FB37}.Debug|Any CPU.ActiveCfg = Debug|Any CPU
		{7E3E8299-7B76-46EF-ADF9-ADE136C6FB37}.Debug|Any CPU.Build.0 = Debug|Any CPU
		{7E3E8299-7B76-46EF-ADF9-ADE136C6FB37}.Release|Any CPU.ActiveCfg = Release|Any CPU
		{7E3E8299-7B76-46EF-ADF9-ADE136C6FB37}.Release|Any CPU.Build.0 = Release|Any CPU
	EndGlobalSection
	GlobalSection(SolutionProperties) = preSolution
		HideSolutionNode = FALSE
	EndGlobalSection
	GlobalSection(ExtensibilityGlobals) = postSolution
		SolutionGuid = {4CC02FE0-8B40-465D-B17A-18D76519069B}
	EndGlobalSection
EndGlobal
