
Microsoft Visual Studio Solution File, Format Version 12.00
# Visual Studio Version 17
VisualStudioVersion = 17.5.33627.172
MinimumVisualStudioVersion = 10.0.40219.1
Project("{FAE04EC0-301F-11D3-BF4B-00C04F79EFBC}") = "BugTesting", "BugTesting\BugTesting.csproj", "{B92C1850-146F-434D-B58D-55B61DC47752}"
EndProject
Global
	GlobalSection(SolutionConfigurationPlatforms) = preSolution
		Debug|Any CPU = Debug|Any CPU
		Release|Any CPU = Release|Any CPU
	EndGlobalSection
	GlobalSection(ProjectConfigurationPlatforms) = postSolution
		{B92C1850-146F-434D-B58D-55B61DC47752}.Debug|Any CPU.ActiveCfg = Debug|Any CPU
		{B92C1850-146F-434D-B58D-55B61DC47752}.Debug|Any CPU.Build.0 = Debug|Any CPU
		{B92C1850-146F-434D-B58D-55B61DC47752}.Release|Any CPU.ActiveCfg = Release|Any CPU
		{B92C1850-146F-434D-B58D-55B61DC47752}.Release|Any CPU.Build.0 = Release|Any CPU
	EndGlobalSection
	GlobalSection(SolutionProperties) = preSolution
		HideSolutionNode = FALSE
	EndGlobalSection
	GlobalSection(ExtensibilityGlobals) = postSolution
		SolutionGuid = {11EE690E-099D-4B9F-BB55-D69C46AD3AF9}
	EndGlobalSection
EndGlobal
