
Microsoft Visual Studio Solution File, Format Version 12.00
# Visual Studio 15
VisualStudioVersion = 15.0.27703.2000
MinimumVisualStudioVersion = 10.0.40219.1
Project("{9A19103F-16F7-4668-BE54-9A1E7A4F7556}") = "Lab4_TicTacToe", "Lab4_TicTacToe\Lab4_TicTacToe.csproj", "{7E534F58-9A5E-4A15-9B82-686040BD61D8}"
EndProject
Project("{9A19103F-16F7-4668-BE54-9A1E7A4F7556}") = "TicTacToeTests", "TicTacToeTests\TicTacToeTests.csproj", "{97B4762E-766C-4AFF-8482-C9928528E56B}"
EndProject
Global
	GlobalSection(SolutionConfigurationPlatforms) = preSolution
		Debug|Any CPU = Debug|Any CPU
		Release|Any CPU = Release|Any CPU
	EndGlobalSection
	GlobalSection(ProjectConfigurationPlatforms) = postSolution
		{7E534F58-9A5E-4A15-9B82-686040BD61D8}.Debug|Any CPU.ActiveCfg = Debug|Any CPU
		{7E534F58-9A5E-4A15-9B82-686040BD61D8}.Debug|Any CPU.Build.0 = Debug|Any CPU
		{7E534F58-9A5E-4A15-9B82-686040BD61D8}.Release|Any CPU.ActiveCfg = Release|Any CPU
		{7E534F58-9A5E-4A15-9B82-686040BD61D8}.Release|Any CPU.Build.0 = Release|Any CPU
		{97B4762E-766C-4AFF-8482-C9928528E56B}.Debug|Any CPU.ActiveCfg = Debug|Any CPU
		{97B4762E-766C-4AFF-8482-C9928528E56B}.Debug|Any CPU.Build.0 = Debug|Any CPU
		{97B4762E-766C-4AFF-8482-C9928528E56B}.Release|Any CPU.ActiveCfg = Release|Any CPU
		{97B4762E-766C-4AFF-8482-C9928528E56B}.Release|Any CPU.Build.0 = Release|Any CPU
	EndGlobalSection
	GlobalSection(SolutionProperties) = preSolution
		HideSolutionNode = FALSE
	EndGlobalSection
	GlobalSection(ExtensibilityGlobals) = postSolution
		SolutionGuid = {C41D0910-276A-45AB-83F8-E91650917420}
	EndGlobalSection
EndGlobal
