
Microsoft Visual Studio Solution File, Format Version 12.00
# Visual Studio 15
VisualStudioVersion = 15.0.27703.2026
MinimumVisualStudioVersion = 10.0.40219.1
Project("{FAE04EC0-301F-11D3-BF4B-00C04F79EFBC}") = "StacksQueues", "StacksQueues\StacksQueues.csproj", "{210C7013-D8AD-4DC8-A17F-7A9A6DDF33C4}"
EndProject
Global
	GlobalSection(SolutionConfigurationPlatforms) = preSolution
		Debug|Any CPU = Debug|Any CPU
		Release|Any CPU = Release|Any CPU
	EndGlobalSection
	GlobalSection(ProjectConfigurationPlatforms) = postSolution
		{210C7013-D8AD-4DC8-A17F-7A9A6DDF33C4}.Debug|Any CPU.ActiveCfg = Debug|Any CPU
		{210C7013-D8AD-4DC8-A17F-7A9A6DDF33C4}.Debug|Any CPU.Build.0 = Debug|Any CPU
		{210C7013-D8AD-4DC8-A17F-7A9A6DDF33C4}.Release|Any CPU.ActiveCfg = Release|Any CPU
		{210C7013-D8AD-4DC8-A17F-7A9A6DDF33C4}.Release|Any CPU.Build.0 = Release|Any CPU
	EndGlobalSection
	GlobalSection(SolutionProperties) = preSolution
		HideSolutionNode = FALSE
	EndGlobalSection
	GlobalSection(ExtensibilityGlobals) = postSolution
		SolutionGuid = {FBC51829-B6D1-4B62-A3BE-D8BFD07B3058}
	EndGlobalSection
EndGlobal
