
Microsoft Visual Studio Solution File, Format Version 12.00
# Visual Studio Version 17
VisualStudioVersion = 17.5.33627.172
MinimumVisualStudioVersion = 10.0.40219.1
Project("{FAE04EC0-301F-11D3-BF4B-00C04F79EFBC}") = "PaymentDemo", "PaymentDemo\PaymentDemo.csproj", "{96DD8379-1B73-40F8-A8BE-AEEAA82C8805}"
EndProject
Global
	GlobalSection(SolutionConfigurationPlatforms) = preSolution
		Debug|Any CPU = Debug|Any CPU
		Release|Any CPU = Release|Any CPU
	EndGlobalSection
	GlobalSection(ProjectConfigurationPlatforms) = postSolution
		{96DD8379-1B73-40F8-A8BE-AEEAA82C8805}.Debug|Any CPU.ActiveCfg = Debug|Any CPU
		{96DD8379-1B73-40F8-A8BE-AEEAA82C8805}.Debug|Any CPU.Build.0 = Debug|Any CPU
		{96DD8379-1B73-40F8-A8BE-AEEAA82C8805}.Release|Any CPU.ActiveCfg = Release|Any CPU
		{96DD8379-1B73-40F8-A8BE-AEEAA82C8805}.Release|Any CPU.Build.0 = Release|Any CPU
	EndGlobalSection
	GlobalSection(SolutionProperties) = preSolution
		HideSolutionNode = FALSE
	EndGlobalSection
	GlobalSection(ExtensibilityGlobals) = postSolution
		SolutionGuid = {5669CA5B-FD5C-41E4-97C2-ACE4EB49CFC3}
	EndGlobalSection
EndGlobal
